<?xml version="1.0" encoding="utf-8"?>
<Project ToolsVersion="4.0" xmlns="http://schemas.microsoft.com/developer/msbuild/2003">
  <ItemGroup>
    <Filter Include="imgui">
      <UniqueIdentifier>{e8584291-b6ad-4fc3-87d4-37ba385bb20f}</UniqueIdentifier>
    </Filter>
    <Filter Include="source">
      <UniqueIdentifier>{4FC737F1-C7A5-4376-A066-2A32D752A2FF}</UniqueIdentifier>
      <Extensions>cpp;c;cc;cxx;def;odl;idl;hpj;bat;asm;asmx</Extensions>
    </Filter>
    <Filter Include="header">
      <UniqueIdentifier>{93995380-89BD-4b04-88EB-625FBE52EBFB}</UniqueIdentifier>
      <Extensions>h;hh;hpp;hxx;hm;inl;inc;ipp;xsd</Extensions>
    </Filter>
  </ItemGroup>
  <ItemGroup>
    <ClInclude Include="pch.h">
      <Filter>header</Filter>
    </ClInclude>
    <ClInclude Include="globals.h">
      <Filter>header</Filter>
    </ClInclude>
    <ClInclude Include="ug.h">
      <Filter>header</Filter>
    </ClInclude>
    <ClInclude Include="imconfig.h">
      <Filter>imgui</Filter>
    </ClInclude>
    <ClInclude Include="imgui.h">
      <Filter>imgui</Filter>
    </ClInclude>
    <ClInclude Include="imgui_internal.h">
      <Filter>imgui</Filter>
    </ClInclude>
    <ClInclude Include="imstb_rectpack.h">
      <Filter>imgui</Filter>
    </ClInclude>
    <ClInclude Include="imstb_textedit.h">
      <Filter>imgui</Filter>
    </ClInclude>
    <ClInclude Include="imstb_truetype.h">
      <Filter>imgui</Filter>
    </ClInclude>
    <ClInclude Include="imgui_impl_win32.h">
      <Filter>imgui</Filter>
    </ClInclude>
    <ClInclude Include="imgui_impl_dx11.h">
      <Filter>imgui</Filter>
    </ClInclude>
    <ClInclude Include="wnd_proc.h">
      <Filter>header</Filter>
    </ClInclude>
    <ClInclude Include="hooks.h">
      <Filter>header</Filter>
    </ClInclude>
    <ClInclude Include="util.h">
      <Filter>header</Filter>
    </ClInclude>
    <ClInclude Include="signatures.h">
      <Filter>header</Filter>
    </ClInclude>
    <ClInclude Include="directx.h">
      <Filter>header</Filter>
    </ClInclude>
    <ClInclude Include="menu.h">
      <Filter>header</Filter>
    </ClInclude>
    <ClInclude Include="imgui_impl_dx12.h">
      <Filter>imgui</Filter>
    </ClInclude>
    <ClInclude Include="items.h">
      <Filter>header</Filter>
    </ClInclude>
    <ClInclude Include="item_repo.h">
      <Filter>header</Filter>
    </ClInclude>
  </ItemGroup>
  <ItemGroup>
    <ClCompile Include="dllmain.cpp">
      <Filter>source</Filter>
    </ClCompile>
    <ClCompile Include="pch.cpp">
      <Filter>source</Filter>
    </ClCompile>
    <ClCompile Include="globals.cpp">
      <Filter>source</Filter>
    </ClCompile>
    <ClCompile Include="ug.cpp">
      <Filter>source</Filter>
    </ClCompile>
    <ClCompile Include="imgui.cpp">
      <Filter>imgui</Filter>
    </ClCompile>
    <ClCompile Include="imgui_demo.cpp">
      <Filter>imgui</Filter>
    </ClCompile>
    <ClCompile Include="imgui_draw.cpp">
      <Filter>imgui</Filter>
    </ClCompile>
    <ClCompile Include="imgui_widgets.cpp">
      <Filter>imgui</Filter>
    </ClCompile>
    <ClCompile Include="imgui_impl_win32.cpp">
      <Filter>imgui</Filter>
    </ClCompile>
    <ClCompile Include="imgui_impl_dx11.cpp">
      <Filter>imgui</Filter>
    </ClCompile>
    <ClCompile Include="wnd_proc.cpp">
      <Filter>source</Filter>
    </ClCompile>
    <ClCompile Include="hooks.cpp">
      <Filter>source</Filter>
    </ClCompile>
    <ClCompile Include="directx.cpp">
      <Filter>source</Filter>
    </ClCompile>
    <ClCompile Include="signatures.cpp">
      <Filter>source</Filter>
    </ClCompile>
    <ClCompile Include="util.cpp">
      <Filter>source</Filter>
    </ClCompile>
    <ClCompile Include="imgui_impl_dx12.cpp">
      <Filter>imgui</Filter>
    </ClCompile>
    <ClCompile Include="items.cpp">
      <Filter>source</Filter>
    </ClCompile>
    <ClCompile Include="menu.cpp">
      <Filter>source</Filter>
    </ClCompile>
  </ItemGroup>
  <ItemGroup>
    <None Include="packages.config" />
  </ItemGroup>
</Project>